
Microsoft Visual Studio Solution File, Format Version 12.00
# Visual Studio Version 16
VisualStudioVersion = 16.0.29503.13
MinimumVisualStudioVersion = 10.0.40219.1
Project("{888888A0-9F3D-457C-B088-3A5042F75D52}") = "KNN_DoAn3_Titanic", "KNN_DoAn3_Titanic\KNN_DoAn3_Titanic.pyproj", "{B28E0B8F-556F-46D6-8553-F30DC39DF858}"
EndProject
Global
	GlobalSection(SolutionConfigurationPlatforms) = preSolution
		Debug|Any CPU = Debug|Any CPU
		Release|Any CPU = Release|Any CPU
	EndGlobalSection
	GlobalSection(ProjectConfigurationPlatforms) = postSolution
		{B28E0B8F-556F-46D6-8553-F30DC39DF858}.Debug|Any CPU.ActiveCfg = Debug|Any CPU
		{B28E0B8F-556F-46D6-8553-F30DC39DF858}.Release|Any CPU.ActiveCfg = Release|Any CPU
	EndGlobalSection
	GlobalSection(SolutionProperties) = preSolution
		HideSolutionNode = FALSE
	EndGlobalSection
	GlobalSection(ExtensibilityGlobals) = postSolution
		SolutionGuid = {00F8338E-888A-41FB-BEC1-EF9A96AFE5CA}
	EndGlobalSection
EndGlobal
